// !$*UTF8*$!
{
	archiveVersion = 1;
	classes = {
	};
	objectVersion = 56;
	objects = {

/* Begin PBXBuildFile section */
		63072A2C29587BD1007FF599 /* AppDelegate.swift in Sources */ = {isa = PBXBuildFile; fileRef = 63072A2B29587BD1007FF599 /* AppDelegate.swift */; };
		63072A2E29587BD1007FF599 /* SceneDelegate.swift in Sources */ = {isa = PBXBuildFile; fileRef = 63072A2D29587BD1007FF599 /* SceneDelegate.swift */; };
		63072A3029587BD1007FF599 /* ViewController.swift in Sources */ = {isa = PBXBuildFile; fileRef = 63072A2F29587BD1007FF599 /* ViewController.swift */; };
		63072A3329587BD1007FF599 /* Main.storyboard in Resources */ = {isa = PBXBuildFile; fileRef = 63072A3129587BD1007FF599 /* Main.storyboard */; };
		63072A3529587BD2007FF599 /* Assets.xcassets in Resources */ = {isa = PBXBuildFile; fileRef = 63072A3429587BD2007FF599 /* Assets.xcassets */; };
		63072A3829587BD2007FF599 /* LaunchScreen.storyboard in Resources */ = {isa = PBXBuildFile; fileRef = 63072A3629587BD2007FF599 /* LaunchScreen.storyboard */; };
		63072A4329587BD3007FF599 /* Setting_AppTests.swift in Sources */ = {isa = PBXBuildFile; fileRef = 63072A4229587BD3007FF599 /* Setting_AppTests.swift */; };
		63072A4D29587BD3007FF599 /* Setting_AppUITests.swift in Sources */ = {isa = PBXBuildFile; fileRef = 63072A4C29587BD3007FF599 /* Setting_AppUITests.swift */; };
		63072A4F29587BD3007FF599 /* Setting_AppUITestsLaunchTests.swift in Sources */ = {isa = PBXBuildFile; fileRef = 63072A4E29587BD3007FF599 /* Setting_AppUITestsLaunchTests.swift */; };
		63072A5F29587DE4007FF599 /* ProfileCell.swift in Sources */ = {isa = PBXBuildFile; fileRef = 63072A5D29587DE4007FF599 /* ProfileCell.swift */; };
		63072A6029587DE4007FF599 /* ProfileCell.xib in Resources */ = {isa = PBXBuildFile; fileRef = 63072A5E29587DE4007FF599 /* ProfileCell.xib */; };
		63072A632958882E007FF599 /* MenuCell.swift in Sources */ = {isa = PBXBuildFile; fileRef = 63072A612958882E007FF599 /* MenuCell.swift */; };
		63072A642958882E007FF599 /* MenuCell.xib in Resources */ = {isa = PBXBuildFile; fileRef = 63072A622958882E007FF599 /* MenuCell.xib */; };
		6309AF8C295951C000824F12 /* GeneralViewController.swift in Sources */ = {isa = PBXBuildFile; fileRef = 6309AF8B295951C000824F12 /* GeneralViewController.swift */; };
		6309AF8E2959520100824F12 /* GeneralViewController.storyboard in Resources */ = {isa = PBXBuildFile; fileRef = 6309AF8D2959520100824F12 /* GeneralViewController.storyboard */; };
		6350DD712959166600188D8C /* SettingModel.swift in Sources */ = {isa = PBXBuildFile; fileRef = 6350DD702959166600188D8C /* SettingModel.swift */; };
		6356AB58295D8EC9007DBB43 /* MyIDViewController.swift in Sources */ = {isa = PBXBuildFile; fileRef = 6356AB56295D8EC9007DBB43 /* MyIDViewController.swift */; };
		6356AB59295D8EC9007DBB43 /* MyIDViewController.xib in Resources */ = {isa = PBXBuildFile; fileRef = 6356AB57295D8EC9007DBB43 /* MyIDViewController.xib */; };
/* End PBXBuildFile section */

/* Begin PBXContainerItemProxy section */
		63072A3F29587BD3007FF599 /* PBXContainerItemProxy */ = {
			isa = PBXContainerItemProxy;
			containerPortal = 63072A2029587BD1007FF599 /* Project object */;
			proxyType = 1;
			remoteGlobalIDString = 63072A2729587BD1007FF599;
			remoteInfo = "Setting-App";
		};
		63072A4929587BD3007FF599 /* PBXContainerItemProxy */ = {
			isa = PBXContainerItemProxy;
			containerPortal = 63072A2029587BD1007FF599 /* Project object */;
			proxyType = 1;
			remoteGlobalIDString = 63072A2729587BD1007FF599;
			remoteInfo = "Setting-App";
		};
/* End PBXContainerItemProxy section */

/* Begin PBXFileReference section */
		63072A2829587BD1007FF599 /* Setting-App.app */ = {isa = PBXFileReference; explicitFileType = wrapper.application; includeInIndex = 0; path = "Setting-App.app"; sourceTree = BUILT_PRODUCTS_DIR; };
		63072A2B29587BD1007FF599 /* AppDelegate.swift */ = {isa = PBXFileReference; lastKnownFileType = sourcecode.swift; path = AppDelegate.swift; sourceTree = "<group>"; };
		63072A2D29587BD1007FF599 /* SceneDelegate.swift */ = {isa = PBXFileReference; lastKnownFileType = sourcecode.swift; path = SceneDelegate.swift; sourceTree = "<group>"; };
		63072A2F29587BD1007FF599 /* ViewController.swift */ = {isa = PBXFileReference; lastKnownFileType = sourcecode.swift; path = ViewController.swift; sourceTree = "<group>"; };
		63072A3229587BD1007FF599 /* Base */ = {isa = PBXFileReference; lastKnownFileType = file.storyboard; name = Base; path = Base.lproj/Main.storyboard; sourceTree = "<group>"; };
		63072A3429587BD2007FF599 /* Assets.xcassets */ = {isa = PBXFileReference; lastKnownFileType = folder.assetcatalog; path = Assets.xcassets; sourceTree = "<group>"; };
		63072A3729587BD2007FF599 /* Base */ = {isa = PBXFileReference; lastKnownFileType = file.storyboard; name = Base; path = Base.lproj/LaunchScreen.storyboard; sourceTree = "<group>"; };
		63072A3929587BD2007FF599 /* Info.plist */ = {isa = PBXFileReference; lastKnownFileType = text.plist.xml; path = Info.plist; sourceTree = "<group>"; };
		63072A3E29587BD3007FF599 /* Setting-AppTests.xctest */ = {isa = PBXFileReference; explicitFileType = wrapper.cfbundle; includeInIndex = 0; path = "Setting-AppTests.xctest"; sourceTree = BUILT_PRODUCTS_DIR; };
		63072A4229587BD3007FF599 /* Setting_AppTests.swift */ = {isa = PBXFileReference; lastKnownFileType = sourcecode.swift; path = Setting_AppTests.swift; sourceTree = "<group>"; };
		63072A4829587BD3007FF599 /* Setting-AppUITests.xctest */ = {isa = PBXFileReference; explicitFileType = wrapper.cfbundle; includeInIndex = 0; path = "Setting-AppUITests.xctest"; sourceTree = BUILT_PRODUCTS_DIR; };
		63072A4C29587BD3007FF599 /* Setting_AppUITests.swift */ = {isa = PBXFileReference; lastKnownFileType = sourcecode.swift; path = Setting_AppUITests.swift; sourceTree = "<group>"; };
		63072A4E29587BD3007FF599 /* Setting_AppUITestsLaunchTests.swift */ = {isa = PBXFileReference; lastKnownFileType = sourcecode.swift; path = Setting_AppUITestsLaunchTests.swift; sourceTree = "<group>"; };
		63072A5D29587DE4007FF599 /* ProfileCell.swift */ = {isa = PBXFileReference; lastKnownFileType = sourcecode.swift; path = ProfileCell.swift; sourceTree = "<group>"; };
		63072A5E29587DE4007FF599 /* ProfileCell.xib */ = {isa = PBXFileReference; lastKnownFileType = file.xib; path = ProfileCell.xib; sourceTree = "<group>"; };
		63072A612958882E007FF599 /* MenuCell.swift */ = {isa = PBXFileReference; lastKnownFileType = sourcecode.swift; path = MenuCell.swift; sourceTree = "<group>"; };
		63072A622958882E007FF599 /* MenuCell.xib */ = {isa = PBXFileReference; lastKnownFileType = file.xib; path = MenuCell.xib; sourceTree = "<group>"; };
		6309AF8B295951C000824F12 /* GeneralViewController.swift */ = {isa = PBXFileReference; lastKnownFileType = sourcecode.swift; path = GeneralViewController.swift; sourceTree = "<group>"; };
		6309AF8D2959520100824F12 /* GeneralViewController.storyboard */ = {isa = PBXFileReference; lastKnownFileType = file.storyboard; path = GeneralViewController.storyboard; sourceTree = "<group>"; };
		6350DD702959166600188D8C /* SettingModel.swift */ = {isa = PBXFileReference; lastKnownFileType = sourcecode.swift; path = SettingModel.swift; sourceTree = "<group>"; };
		6356AB55295D47F3007DBB43 /* en */ = {isa = PBXFileReference; lastKnownFileType = text.plist.strings; name = en; path = en.lproj/LaunchScreen.strings; sourceTree = "<group>"; };
		6356AB56295D8EC9007DBB43 /* MyIDViewController.swift */ = {isa = PBXFileReference; lastKnownFileType = sourcecode.swift; path = MyIDViewController.swift; sourceTree = "<group>"; };
		6356AB57295D8EC9007DBB43 /* MyIDViewController.xib */ = {isa = PBXFileReference; lastKnownFileType = file.xib; path = MyIDViewController.xib; sourceTree = "<group>"; };
/* End PBXFileReference section */

/* Begin PBXFrameworksBuildPhase section */
		63072A2529587BD1007FF599 /* Frameworks */ = {
			isa = PBXFrameworksBuildPhase;
			buildActionMask = 2147483647;
			files = (
			);
			runOnlyForDeploymentPostprocessing = 0;
		};
		63072A3B29587BD3007FF599 /* Frameworks */ = {
			isa = PBXFrameworksBuildPhase;
			buildActionMask = 2147483647;
			files = (
			);
			runOnlyForDeploymentPostprocessing = 0;
		};
		63072A4529587BD3007FF599 /* Frameworks */ = {
			isa = PBXFrameworksBuildPhase;
			buildActionMask = 2147483647;
			files = (
			);
			runOnlyForDeploymentPostprocessing = 0;
		};
/* End PBXFrameworksBuildPhase section */

/* Begin PBXGroup section */
		63072A1F29587BD1007FF599 = {
			isa = PBXGroup;
			children = (
				63072A2A29587BD1007FF599 /* Setting-App */,
				63072A4129587BD3007FF599 /* Setting-AppTests */,
				63072A4B29587BD3007FF599 /* Setting-AppUITests */,
				63072A2929587BD1007FF599 /* Products */,
			);
			sourceTree = "<group>";
		};
		63072A2929587BD1007FF599 /* Products */ = {
			isa = PBXGroup;
			children = (
				63072A2829587BD1007FF599 /* Setting-App.app */,
				63072A3E29587BD3007FF599 /* Setting-AppTests.xctest */,
				63072A4829587BD3007FF599 /* Setting-AppUITests.xctest */,
			);
			name = Products;
			sourceTree = "<group>";
		};
		63072A2A29587BD1007FF599 /* Setting-App */ = {
			isa = PBXGroup;
			children = (
				63072A2B29587BD1007FF599 /* AppDelegate.swift */,
				63072A2D29587BD1007FF599 /* SceneDelegate.swift */,
				63072A612958882E007FF599 /* MenuCell.swift */,
				6350DD702959166600188D8C /* SettingModel.swift */,
				63072A2F29587BD1007FF599 /* ViewController.swift */,
				6309AF8B295951C000824F12 /* GeneralViewController.swift */,
				6356AB56295D8EC9007DBB43 /* MyIDViewController.swift */,
				6356AB57295D8EC9007DBB43 /* MyIDViewController.xib */,
				63072A5D29587DE4007FF599 /* ProfileCell.swift */,
				63072A622958882E007FF599 /* MenuCell.xib */,
				63072A5E29587DE4007FF599 /* ProfileCell.xib */,
				6309AF8D2959520100824F12 /* GeneralViewController.storyboard */,
				63072A3129587BD1007FF599 /* Main.storyboard */,
				63072A3429587BD2007FF599 /* Assets.xcassets */,
				63072A3629587BD2007FF599 /* LaunchScreen.storyboard */,
				63072A3929587BD2007FF599 /* Info.plist */,
			);
			path = "Setting-App";
			sourceTree = "<group>";
		};
		63072A4129587BD3007FF599 /* Setting-AppTests */ = {
			isa = PBXGroup;
			children = (
				63072A4229587BD3007FF599 /* Setting_AppTests.swift */,
			);
			path = "Setting-AppTests";
			sourceTree = "<group>";
		};
		63072A4B29587BD3007FF599 /* Setting-AppUITests */ = {
			isa = PBXGroup;
			children = (
				63072A4C29587BD3007FF599 /* Setting_AppUITests.swift */,
				63072A4E29587BD3007FF599 /* Setting_AppUITestsLaunchTests.swift */,
			);
			path = "Setting-AppUITests";
			sourceTree = "<group>";
		};
/* End PBXGroup section */

/* Begin PBXNativeTarget section */
		63072A2729587BD1007FF599 /* Setting-App */ = {
			isa = PBXNativeTarget;
			buildConfigurationList = 63072A5229587BD3007FF599 /* Build configuration list for PBXNativeTarget "Setting-App" */;
			buildPhases = (
				63072A2429587BD1007FF599 /* Sources */,
				63072A2529587BD1007FF599 /* Frameworks */,
				63072A2629587BD1007FF599 /* Resources */,
			);
			buildRules = (
			);
			dependencies = (
			);
			name = "Setting-App";
			productName = "Setting-App";
			productReference = 63072A2829587BD1007FF599 /* Setting-App.app */;
			productType = "com.apple.product-type.application";
		};
		63072A3D29587BD3007FF599 /* Setting-AppTests */ = {
			isa = PBXNativeTarget;
			buildConfigurationList = 63072A5529587BD3007FF599 /* Build configuration list for PBXNativeTarget "Setting-AppTests" */;
			buildPhases = (
				63072A3A29587BD3007FF599 /* Sources */,
				63072A3B29587BD3007FF599 /* Frameworks */,
				63072A3C29587BD3007FF599 /* Resources */,
			);
			buildRules = (
			);
			dependencies = (
				63072A4029587BD3007FF599 /* PBXTargetDependency */,
			);
			name = "Setting-AppTests";
			productName = "Setting-AppTests";
			productReference = 63072A3E29587BD3007FF599 /* Setting-AppTests.xctest */;
			productType = "com.apple.product-type.bundle.unit-test";
		};
		63072A4729587BD3007FF599 /* Setting-AppUITests */ = {
			isa = PBXNativeTarget;
			buildConfigurationList = 63072A5829587BD3007FF599 /* Build configuration list for PBXNativeTarget "Setting-AppUITests" */;
			buildPhases = (
				63072A4429587BD3007FF599 /* Sources */,
				63072A4529587BD3007FF599 /* Frameworks */,
				63072A4629587BD3007FF599 /* Resources */,
			);
			buildRules = (
			);
			dependencies = (
				63072A4A29587BD3007FF599 /* PBXTargetDependency */,
			);
			name = "Setting-AppUITests";
			productName = "Setting-AppUITests";
			productReference = 63072A4829587BD3007FF599 /* Setting-AppUITests.xctest */;
			productType = "com.apple.product-type.bundle.ui-testing";
		};
/* End PBXNativeTarget section */

/* Begin PBXProject section */
		63072A2029587BD1007FF599 /* Project object */ = {
			isa = PBXProject;
			attributes = {
				BuildIndependentTargetsInParallel = 1;
				LastSwiftUpdateCheck = 1420;
				LastUpgradeCheck = 1420;
				TargetAttributes = {
					63072A2729587BD1007FF599 = {
						CreatedOnToolsVersion = 14.2;
					};
					63072A3D29587BD3007FF599 = {
						CreatedOnToolsVersion = 14.2;
						TestTargetID = 63072A2729587BD1007FF599;
					};
					63072A4729587BD3007FF599 = {
						CreatedOnToolsVersion = 14.2;
						TestTargetID = 63072A2729587BD1007FF599;
					};
				};
			};
			buildConfigurationList = 63072A2329587BD1007FF599 /* Build configuration list for PBXProject "Setting-App" */;
			compatibilityVersion = "Xcode 14.0";
			developmentRegion = en;
			hasScannedForEncodings = 0;
			knownRegions = (
				en,
				Base,
			);
			mainGroup = 63072A1F29587BD1007FF599;
			productRefGroup = 63072A2929587BD1007FF599 /* Products */;
			projectDirPath = "";
			projectRoot = "";
			targets = (
				63072A2729587BD1007FF599 /* Setting-App */,
				63072A3D29587BD3007FF599 /* Setting-AppTests */,
				63072A4729587BD3007FF599 /* Setting-AppUITests */,
			);
		};
/* End PBXProject section */

/* Begin PBXResourcesBuildPhase section */
		63072A2629587BD1007FF599 /* Resources */ = {
			isa = PBXResourcesBuildPhase;
			buildActionMask = 2147483647;
			files = (
				6309AF8E2959520100824F12 /* GeneralViewController.storyboard in Resources */,
				63072A3829587BD2007FF599 /* LaunchScreen.storyboard in Resources */,
				63072A6029587DE4007FF599 /* ProfileCell.xib in Resources */,
				63072A642958882E007FF599 /* MenuCell.xib in Resources */,
				6356AB59295D8EC9007DBB43 /* MyIDViewController.xib in Resources */,
				63072A3529587BD2007FF599 /* Assets.xcassets in Resources */,
				63072A3329587BD1007FF599 /* Main.storyboard in Resources */,
			);
			runOnlyForDeploymentPostprocessing = 0;
		};
		63072A3C29587BD3007FF599 /* Resources */ = {
			isa = PBXResourcesBuildPhase;
			buildActionMask = 2147483647;
			files = (
			);
			runOnlyForDeploymentPostprocessing = 0;
		};
		63072A4629587BD3007FF599 /* Resources */ = {
			isa = PBXResourcesBuildPhase;
			buildActionMask = 2147483647;
			files = (
			);
			runOnlyForDeploymentPostprocessing = 0;
		};
/* End PBXResourcesBuildPhase section */

/* Begin PBXSourcesBuildPhase section */
		63072A2429587BD1007FF599 /* Sources */ = {
			isa = PBXSourcesBuildPhase;
			buildActionMask = 2147483647;
			files = (
				63072A3029587BD1007FF599 /* ViewController.swift in Sources */,
				6309AF8C295951C000824F12 /* GeneralViewController.swift in Sources */,
				63072A632958882E007FF599 /* MenuCell.swift in Sources */,
				6350DD712959166600188D8C /* SettingModel.swift in Sources */,
				63072A5F29587DE4007FF599 /* ProfileCell.swift in Sources */,
				6356AB58295D8EC9007DBB43 /* MyIDViewController.swift in Sources */,
				63072A2C29587BD1007FF599 /* AppDelegate.swift in Sources */,
				63072A2E29587BD1007FF599 /* SceneDelegate.swift in Sources */,
			);
			runOnlyForDeploymentPostprocessing = 0;
		};
		63072A3A29587BD3007FF599 /* Sources */ = {
			isa = PBXSourcesBuildPhase;
			buildActionMask = 2147483647;
			files = (
				63072A4329587BD3007FF599 /* Setting_AppTests.swift in Sources */,
			);
			runOnlyForDeploymentPostprocessing = 0;
		};
		63072A4429587BD3007FF599 /* Sources */ = {
			isa = PBXSourcesBuildPhase;
			buildActionMask = 2147483647;
			files = (
				63072A4D29587BD3007FF599 /* Setting_AppUITests.swift in Sources */,
				63072A4F29587BD3007FF599 /* Setting_AppUITestsLaunchTests.swift in Sources */,
			);
			runOnlyForDeploymentPostprocessing = 0;
		};
/* End PBXSourcesBuildPhase section */

/* Begin PBXTargetDependency section */
		63072A4029587BD3007FF599 /* PBXTargetDependency */ = {
			isa = PBXTargetDependency;
			target = 63072A2729587BD1007FF599 /* Setting-App */;
			targetProxy = 63072A3F29587BD3007FF599 /* PBXContainerItemProxy */;
		};
		63072A4A29587BD3007FF599 /* PBXTargetDependency */ = {
			isa = PBXTargetDependency;
			target = 63072A2729587BD1007FF599 /* Setting-App */;
			targetProxy = 63072A4929587BD3007FF599 /* PBXContainerItemProxy */;
		};
/* End PBXTargetDependency section */

/* Begin PBXVariantGroup section */
		63072A3129587BD1007FF599 /* Main.storyboard */ = {
			isa = PBXVariantGroup;
			children = (
				63072A3229587BD1007FF599 /* Base */,
			);
			name = Main.storyboard;
			sourceTree = "<group>";
		};
		63072A3629587BD2007FF599 /* LaunchScreen.storyboard */ = {
			isa = PBXVariantGroup;
			children = (
				63072A3729587BD2007FF599 /* Base */,
				6356AB55295D47F3007DBB43 /* en */,
			);
			name = LaunchScreen.storyboard;
			sourceTree = "<group>";
		};
/* End PBXVariantGroup section */

/* Begin XCBuildConfiguration section */
		63072A5029587BD3007FF599 /* Debug */ = {
			isa = XCBuildConfiguration;
			buildSettings = {
				ALWAYS_SEARCH_USER_PATHS = NO;
				CLANG_ANALYZER_NONNULL = YES;
				CLANG_ANALYZER_NUMBER_OBJECT_CONVERSION = YES_AGGRESSIVE;
				CLANG_CXX_LANGUAGE_STANDARD = "gnu++20";
				CLANG_ENABLE_MODULES = YES;
				CLANG_ENABLE_OBJC_ARC = YES;
				CLANG_ENABLE_OBJC_WEAK = YES;
				CLANG_WARN_BLOCK_CAPTURE_AUTORELEASING = YES;
				CLANG_WARN_BOOL_CONVERSION = YES;
				CLANG_WARN_COMMA = YES;
				CLANG_WARN_CONSTANT_CONVERSION = YES;
				CLANG_WARN_DEPRECATED_OBJC_IMPLEMENTATIONS = YES;
				CLANG_WARN_DIRECT_OBJC_ISA_USAGE = YES_ERROR;
				CLANG_WARN_DOCUMENTATION_COMMENTS = YES;
				CLANG_WARN_EMPTY_BODY = YES;
				CLANG_WARN_ENUM_CONVERSION = YES;
				CLANG_WARN_INFINITE_RECURSION = YES;
				CLANG_WARN_INT_CONVERSION = YES;
				CLANG_WARN_NON_LITERAL_NULL_CONVERSION = YES;
				CLANG_WARN_OBJC_IMPLICIT_RETAIN_SELF = YES;
				CLANG_WARN_OBJC_LITERAL_CONVERSION = YES;
				CLANG_WARN_OBJC_ROOT_CLASS = YES_ERROR;
				CLANG_WARN_QUOTED_INCLUDE_IN_FRAMEWORK_HEADER = YES;
				CLANG_WARN_RANGE_LOOP_ANALYSIS = YES;
				CLANG_WARN_STRICT_PROTOTYPES = YES;
				CLANG_WARN_SUSPICIOUS_MOVE = YES;
				CLANG_WARN_UNGUARDED_AVAILABILITY = YES_AGGRESSIVE;
				CLANG_WARN_UNREACHABLE_CODE = YES;
				CLANG_WARN__DUPLICATE_METHOD_MATCH = YES;
				COPY_PHASE_STRIP = NO;
				DEBUG_INFORMATION_FORMAT = dwarf;
				ENABLE_STRICT_OBJC_MSGSEND = YES;
				ENABLE_TESTABILITY = YES;
				GCC_C_LANGUAGE_STANDARD = gnu11;
				GCC_DYNAMIC_NO_PIC = NO;
				GCC_NO_COMMON_BLOCKS = YES;
				GCC_OPTIMIZATION_LEVEL = 0;
				GCC_PREPROCESSOR_DEFINITIONS = (
					"DEBUG=1",
					"$(inherited)",
				);
				GCC_WARN_64_TO_32_BIT_CONVERSION = YES;
				GCC_WARN_ABOUT_RETURN_TYPE = YES_ERROR;
				GCC_WARN_UNDECLARED_SELECTOR = YES;
				GCC_WARN_UNINITIALIZED_AUTOS = YES_AGGRESSIVE;
				GCC_WARN_UNUSED_FUNCTION = YES;
				GCC_WARN_UNUSED_VARIABLE = YES;
				IPHONEOS_DEPLOYMENT_TARGET = 16.2;
				MTL_ENABLE_DEBUG_INFO = INCLUDE_SOURCE;
				MTL_FAST_MATH = YES;
				ONLY_ACTIVE_ARCH = YES;
				SDKROOT = iphoneos;
				SWIFT_ACTIVE_COMPILATION_CONDITIONS = DEBUG;
				SWIFT_OPTIMIZATION_LEVEL = "-Onone";
			};
			name = Debug;
		};
		63072A5129587BD3007FF599 /* Release */ = {
			isa = XCBuildConfiguration;
			buildSettings = {
				ALWAYS_SEARCH_USER_PATHS = NO;
				CLANG_ANALYZER_NONNULL = YES;
				CLANG_ANALYZER_NUMBER_OBJECT_CONVERSION = YES_AGGRESSIVE;
				CLANG_CXX_LANGUAGE_STANDARD = "gnu++20";
				CLANG_ENABLE_MODULES = YES;
				CLANG_ENABLE_OBJC_ARC = YES;
				CLANG_ENABLE_OBJC_WEAK = YES;
				CLANG_WARN_BLOCK_CAPTURE_AUTORELEASING = YES;
				CLANG_WARN_BOOL_CONVERSION = YES;
				CLANG_WARN_COMMA = YES;
				CLANG_WARN_CONSTANT_CONVERSION = YES;
				CLANG_WARN_DEPRECATED_OBJC_IMPLEMENTATIONS = YES;
				CLANG_WARN_DIRECT_OBJC_ISA_USAGE = YES_ERROR;
				CLANG_WARN_DOCUMENTATION_COMMENTS = YES;
				CLANG_WARN_EMPTY_BODY = YES;
				CLANG_WARN_ENUM_CONVERSION = YES;
				CLANG_WARN_INFINITE_RECURSION = YES;
				CLANG_WARN_INT_CONVERSION = YES;
				CLANG_WARN_NON_LITERAL_NULL_CONVERSION = YES;
				CLANG_WARN_OBJC_IMPLICIT_RETAIN_SELF = YES;
				CLANG_WARN_OBJC_LITERAL_CONVERSION = YES;
				CLANG_WARN_OBJC_ROOT_CLASS = YES_ERROR;
				CLANG_WARN_QUOTED_INCLUDE_IN_FRAMEWORK_HEADER = YES;
				CLANG_WARN_RANGE_LOOP_ANALYSIS = YES;
				CLANG_WARN_STRICT_PROTOTYPES = YES;
				CLANG_WARN_SUSPICIOUS_MOVE = YES;
				CLANG_WARN_UNGUARDED_AVAILABILITY = YES_AGGRESSIVE;
				CLANG_WARN_UNREACHABLE_CODE = YES;
				CLANG_WARN__DUPLICATE_METHOD_MATCH = YES;
				COPY_PHASE_STRIP = NO;
				DEBUG_INFORMATION_FORMAT = "dwarf-with-dsym";
				ENABLE_NS_ASSERTIONS = NO;
				ENABLE_STRICT_OBJC_MSGSEND = YES;
				GCC_C_LANGUAGE_STANDARD = gnu11;
				GCC_NO_COMMON_BLOCKS = YES;
				GCC_WARN_64_TO_32_BIT_CONVERSION = YES;
				GCC_WARN_ABOUT_RETURN_TYPE = YES_ERROR;
				GCC_WARN_UNDECLARED_SELECTOR = YES;
				GCC_WARN_UNINITIALIZED_AUTOS = YES_AGGRESSIVE;
				GCC_WARN_UNUSED_FUNCTION = YES;
				GCC_WARN_UNUSED_VARIABLE = YES;
				IPHONEOS_DEPLOYMENT_TARGET = 16.2;
				MTL_ENABLE_DEBUG_INFO = NO;
				MTL_FAST_MATH = YES;
				SDKROOT = iphoneos;
				SWIFT_COMPILATION_MODE = wholemodule;
				SWIFT_OPTIMIZATION_LEVEL = "-O";
				VALIDATE_PRODUCT = YES;
			};
			name = Release;
		};
		63072A5329587BD3007FF599 /* Debug */ = {
			isa = XCBuildConfiguration;
			buildSettings = {
				ASSETCATALOG_COMPILER_APPICON_NAME = AppIcon;
				ASSETCATALOG_COMPILER_GLOBAL_ACCENT_COLOR_NAME = AccentColor;
				CODE_SIGN_STYLE = Automatic;
				CURRENT_PROJECT_VERSION = 1;
				GENERATE_INFOPLIST_FILE = YES;
				INFOPLIST_FILE = "Setting-App/Info.plist";
				INFOPLIST_KEY_UIApplicationSupportsIndirectInputEvents = YES;
				INFOPLIST_KEY_UILaunchStoryboardName = LaunchScreen;
				INFOPLIST_KEY_UIMainStoryboardFile = Main;
				INFOPLIST_KEY_UISupportedInterfaceOrientations_iPad = "UIInterfaceOrientationPortrait UIInterfaceOrientationPortraitUpsideDown UIInterfaceOrientationLandscapeLeft UIInterfaceOrientationLandscapeRight";
				INFOPLIST_KEY_UISupportedInterfaceOrientations_iPhone = "UIInterfaceOrientationPortrait UIInterfaceOrientationLandscapeLeft UIInterfaceOrientationLandscapeRight";
				IPHONEOS_DEPLOYMENT_TARGET = 14.2;
				LD_RUNPATH_SEARCH_PATHS = (
					"$(inherited)",
					"@executable_path/Frameworks",
				);
				MARKETING_VERSION = 1.0;
				PRODUCT_BUNDLE_IDENTIFIER = "kr.co.test.Setting-App";
				PRODUCT_NAME = "$(TARGET_NAME)";
				SUPPORTED_PLATFORMS = "iphoneos iphonesimulator";
				SUPPORTS_MACCATALYST = NO;
				SUPPORTS_MAC_DESIGNED_FOR_IPHONE_IPAD = NO;
				SWIFT_EMIT_LOC_STRINGS = YES;
				SWIFT_VERSION = 5.0;
				TARGETED_DEVICE_FAMILY = 1;
			};
			name = Debug;
		};
		63072A5429587BD3007FF599 /* Release */ = {
			isa = XCBuildConfiguration;
			buildSettings = {
				ASSETCATALOG_COMPILER_APPICON_NAME = AppIcon;
				ASSETCATALOG_COMPILER_GLOBAL_ACCENT_COLOR_NAME = AccentColor;
				CODE_SIGN_STYLE = Automatic;
				CURRENT_PROJECT_VERSION = 1;
				GENERATE_INFOPLIST_FILE = YES;
				INFOPLIST_FILE = "Setting-App/Info.plist";
				INFOPLIST_KEY_UIApplicationSupportsIndirectInputEvents = YES;
				INFOPLIST_KEY_UILaunchStoryboardName = LaunchScreen;
				INFOPLIST_KEY_UIMainStoryboardFile = Main;
				INFOPLIST_KEY_UISupportedInterfaceOrientations_iPad = "UIInterfaceOrientationPortrait UIInterfaceOrientationPortraitUpsideDown UIInterfaceOrientationLandscapeLeft UIInterfaceOrientationLandscapeRight";
				INFOPLIST_KEY_UISupportedInterfaceOrientations_iPhone = "UIInterfaceOrientationPortrait UIInterfaceOrientationLandscapeLeft UIInterfaceOrientationLandscapeRight";
				IPHONEOS_DEPLOYMENT_TARGET = 14.2;
				LD_RUNPATH_SEARCH_PATHS = (
					"$(inherited)",
					"@executable_path/Frameworks",
				);
				MARKETING_VERSION = 1.0;
				PRODUCT_BUNDLE_IDENTIFIER = "kr.co.test.Setting-App";
				PRODUCT_NAME = "$(TARGET_NAME)";
				SUPPORTED_PLATFORMS = "iphoneos iphonesimulator";
				SUPPORTS_MACCATALYST = NO;
				SUPPORTS_MAC_DESIGNED_FOR_IPHONE_IPAD = NO;
				SWIFT_EMIT_LOC_STRINGS = YES;
				SWIFT_VERSION = 5.0;
				TARGETED_DEVICE_FAMILY = 1;
			};
			name = Release;
		};
		63072A5629587BD3007FF599 /* Debug */ = {
			isa = XCBuildConfiguration;
			buildSettings = {
				ALWAYS_EMBED_SWIFT_STANDARD_LIBRARIES = YES;
				BUNDLE_LOADER = "$(TEST_HOST)";
				CODE_SIGN_STYLE = Automatic;
				CURRENT_PROJECT_VERSION = 1;
				GENERATE_INFOPLIST_FILE = YES;
				IPHONEOS_DEPLOYMENT_TARGET = 16.2;
				MARKETING_VERSION = 1.0;
				PRODUCT_BUNDLE_IDENTIFIER = "kr.co.test.Setting-AppTests";
				PRODUCT_NAME = "$(TARGET_NAME)";
				SWIFT_EMIT_LOC_STRINGS = NO;
				SWIFT_VERSION = 5.0;
				TARGETED_DEVICE_FAMILY = "1,2";
				TEST_HOST = "$(BUILT_PRODUCTS_DIR)/Setting-App.app/$(BUNDLE_EXECUTABLE_FOLDER_PATH)/Setting-App";
			};
			name = Debug;
		};
		63072A5729587BD3007FF599 /* Release */ = {
			isa = XCBuildConfiguration;
			buildSettings = {
				ALWAYS_EMBED_SWIFT_STANDARD_LIBRARIES = YES;
				BUNDLE_LOADER = "$(TEST_HOST)";
				CODE_SIGN_STYLE = Automatic;
				CURRENT_PROJECT_VERSION = 1;
				GENERATE_INFOPLIST_FILE = YES;
				IPHONEOS_DEPLOYMENT_TARGET = 16.2;
				MARKETING_VERSION = 1.0;
				PRODUCT_BUNDLE_IDENTIFIER = "kr.co.test.Setting-AppTests";
				PRODUCT_NAME = "$(TARGET_NAME)";
				SWIFT_EMIT_LOC_STRINGS = NO;
				SWIFT_VERSION = 5.0;
				TARGETED_DEVICE_FAMILY = "1,2";
				TEST_HOST = "$(BUILT_PRODUCTS_DIR)/Setting-App.app/$(BUNDLE_EXECUTABLE_FOLDER_PATH)/Setting-App";
			};
			name = Release;
		};
		63072A5929587BD3007FF599 /* Debug */ = {
			isa = XCBuildConfiguration;
			buildSettings = {
				ALWAYS_EMBED_SWIFT_STANDARD_LIBRARIES = YES;
				CODE_SIGN_STYLE = Automatic;
				CURRENT_PROJECT_VERSION = 1;
				GENERATE_INFOPLIST_FILE = YES;
				MARKETING_VERSION = 1.0;
				PRODUCT_BUNDLE_IDENTIFIER = "kr.co.test.Setting-AppUITests";
				PRODUCT_NAME = "$(TARGET_NAME)";
				SWIFT_EMIT_LOC_STRINGS = NO;
				SWIFT_VERSION = 5.0;
				TARGETED_DEVICE_FAMILY = "1,2";
				TEST_TARGET_NAME = "Setting-App";
			};
			name = Debug;
		};
		63072A5A29587BD3007FF599 /* Release */ = {
			isa = XCBuildConfiguration;
			buildSettings = {
				ALWAYS_EMBED_SWIFT_STANDARD_LIBRARIES = YES;
				CODE_SIGN_STYLE = Automatic;
				CURRENT_PROJECT_VERSION = 1;
				GENERATE_INFOPLIST_FILE = YES;
				MARKETING_VERSION = 1.0;
				PRODUCT_BUNDLE_IDENTIFIER = "kr.co.test.Setting-AppUITests";
				PRODUCT_NAME = "$(TARGET_NAME)";
				SWIFT_EMIT_LOC_STRINGS = NO;
				SWIFT_VERSION = 5.0;
				TARGETED_DEVICE_FAMILY = "1,2";
				TEST_TARGET_NAME = "Setting-App";
			};
			name = Release;
		};
/* End XCBuildConfiguration section */

/* Begin XCConfigurationList section */
		63072A2329587BD1007FF599 /* Build configuration list for PBXProject "Setting-App" */ = {
			isa = XCConfigurationList;
			buildConfigurations = (
				63072A5029587BD3007FF599 /* Debug */,
				63072A5129587BD3007FF599 /* Release */,
			);
			defaultConfigurationIsVisible = 0;
			defaultConfigurationName = Release;
		};
		63072A5229587BD3007FF599 /* Build configuration list for PBXNativeTarget "Setting-App" */ = {
			isa = XCConfigurationList;
			buildConfigurations = (
				63072A5329587BD3007FF599 /* Debug */,
				63072A5429587BD3007FF599 /* Release */,
			);
			defaultConfigurationIsVisible = 0;
			defaultConfigurationName = Release;
		};
		63072A5529587BD3007FF599 /* Build configuration list for PBXNativeTarget "Setting-AppTests" */ = {
			isa = XCConfigurationList;
			buildConfigurations = (
				63072A5629587BD3007FF599 /* Debug */,
				63072A5729587BD3007FF599 /* Release */,
			);
			defaultConfigurationIsVisible = 0;
			defaultConfigurationName = Release;
		};
		63072A5829587BD3007FF599 /* Build configuration list for PBXNativeTarget "Setting-AppUITests" */ = {
			isa = XCConfigurationList;
			buildConfigurations = (
				63072A5929587BD3007FF599 /* Debug */,
				63072A5A29587BD3007FF599 /* Release */,
			);
			defaultConfigurationIsVisible = 0;
			defaultConfigurationName = Release;
		};
/* End XCConfigurationList section */
	};
	rootObject = 63072A2029587BD1007FF599 /* Project object */;
}
